
Microsoft Visual Studio Solution File, Format Version 12.00
# Visual Studio Version 16
VisualStudioVersion = 16.0.29209.152
MinimumVisualStudioVersion = 10.0.40219.1
Project("{9A19103F-16F7-4668-BE54-9A1E7A4F7556}") = "EmployeeHierarchy", "EmployeeHierarchy\EmployeeHierarchy.csproj", "{51F9A380-7446-49D9-BE4A-B73F3AD492E7}"
EndProject
Project("{9A19103F-16F7-4668-BE54-9A1E7A4F7556}") = "EmployeeHierarchy.Tests", "EmployeeHierarchy.Tests\EmployeeHierarchy.Tests.csproj", "{EEF90F6E-C51A-4400-BEE5-71E925133652}"
EndProject
Global
	GlobalSection(SolutionConfigurationPlatforms) = preSolution
		Debug|Any CPU = Debug|Any CPU
		Release|Any CPU = Release|Any CPU
	EndGlobalSection
	GlobalSection(ProjectConfigurationPlatforms) = postSolution
		{51F9A380-7446-49D9-BE4A-B73F3AD492E7}.Debug|Any CPU.ActiveCfg = Debug|Any CPU
		{51F9A380-7446-49D9-BE4A-B73F3AD492E7}.Debug|Any CPU.Build.0 = Debug|Any CPU
		{51F9A380-7446-49D9-BE4A-B73F3AD492E7}.Release|Any CPU.ActiveCfg = Release|Any CPU
		{51F9A380-7446-49D9-BE4A-B73F3AD492E7}.Release|Any CPU.Build.0 = Release|Any CPU
		{EEF90F6E-C51A-4400-BEE5-71E925133652}.Debug|Any CPU.ActiveCfg = Debug|Any CPU
		{EEF90F6E-C51A-4400-BEE5-71E925133652}.Debug|Any CPU.Build.0 = Debug|Any CPU
		{EEF90F6E-C51A-4400-BEE5-71E925133652}.Release|Any CPU.ActiveCfg = Release|Any CPU
		{EEF90F6E-C51A-4400-BEE5-71E925133652}.Release|Any CPU.Build.0 = Release|Any CPU
	EndGlobalSection
	GlobalSection(SolutionProperties) = preSolution
		HideSolutionNode = FALSE
	EndGlobalSection
	GlobalSection(ExtensibilityGlobals) = postSolution
		SolutionGuid = {83B05A08-37A1-4E59-9990-BC356673CF9B}
	EndGlobalSection
EndGlobal
